
Microsoft Visual Studio Solution File, Format Version 12.00
# Visual Studio Version 17
VisualStudioVersion = 17.9.34723.18
MinimumVisualStudioVersion = 10.0.40219.1
Project("{FAE04EC0-301F-11D3-BF4B-00C04F79EFBC}") = "GynParking", "GynParking\GynParking.csproj", "{39FC5D1B-D749-4C90-AB10-1D014ABAD821}"
EndProject
Global
	GlobalSection(SolutionConfigurationPlatforms) = preSolution
		Debug|Any CPU = Debug|Any CPU
		Release|Any CPU = Release|Any CPU
	EndGlobalSection
	GlobalSection(ProjectConfigurationPlatforms) = postSolution
		{39FC5D1B-D749-4C90-AB10-1D014ABAD821}.Debug|Any CPU.ActiveCfg = Debug|Any CPU
		{39FC5D1B-D749-4C90-AB10-1D014ABAD821}.Debug|Any CPU.Build.0 = Debug|Any CPU
		{39FC5D1B-D749-4C90-AB10-1D014ABAD821}.Release|Any CPU.ActiveCfg = Release|Any CPU
		{39FC5D1B-D749-4C90-AB10-1D014ABAD821}.Release|Any CPU.Build.0 = Release|Any CPU
	EndGlobalSection
	GlobalSection(SolutionProperties) = preSolution
		HideSolutionNode = FALSE
	EndGlobalSection
	GlobalSection(ExtensibilityGlobals) = postSolution
		SolutionGuid = {31989C8A-38C6-4C3B-BDA0-698111B90CAA}
	EndGlobalSection
EndGlobal
